
Microsoft Visual Studio Solution File, Format Version 12.00
# Visual Studio Version 17
VisualStudioVersion = 17.4.33110.190
MinimumVisualStudioVersion = 10.0.40219.1
Project("{FAE04EC0-301F-11D3-BF4B-00C04F79EFBC}") = "MyLeasing.Commom", "MyLeasing.Commom\MyLeasing.Commom.csproj", "{9B8CED5C-E4D2-4CCE-A2D5-6C8FCD72A62C}"
EndProject
Project("{FAE04EC0-301F-11D3-BF4B-00C04F79EFBC}") = "MyLeasing.Web", "MyLeasing.Web\MyLeasing.Web.csproj", "{A29AB003-32CD-41E7-B375-07690ADCD350}"
EndProject
Global
	GlobalSection(SolutionConfigurationPlatforms) = preSolution
		Debug|Any CPU = Debug|Any CPU
		Release|Any CPU = Release|Any CPU
	EndGlobalSection
	GlobalSection(ProjectConfigurationPlatforms) = postSolution
		{9B8CED5C-E4D2-4CCE-A2D5-6C8FCD72A62C}.Debug|Any CPU.ActiveCfg = Debug|Any CPU
		{9B8CED5C-E4D2-4CCE-A2D5-6C8FCD72A62C}.Debug|Any CPU.Build.0 = Debug|Any CPU
		{9B8CED5C-E4D2-4CCE-A2D5-6C8FCD72A62C}.Release|Any CPU.ActiveCfg = Release|Any CPU
		{9B8CED5C-E4D2-4CCE-A2D5-6C8FCD72A62C}.Release|Any CPU.Build.0 = Release|Any CPU
		{A29AB003-32CD-41E7-B375-07690ADCD350}.Debug|Any CPU.ActiveCfg = Debug|Any CPU
		{A29AB003-32CD-41E7-B375-07690ADCD350}.Debug|Any CPU.Build.0 = Debug|Any CPU
		{A29AB003-32CD-41E7-B375-07690ADCD350}.Release|Any CPU.ActiveCfg = Release|Any CPU
		{A29AB003-32CD-41E7-B375-07690ADCD350}.Release|Any CPU.Build.0 = Release|Any CPU
	EndGlobalSection
	GlobalSection(SolutionProperties) = preSolution
		HideSolutionNode = FALSE
	EndGlobalSection
	GlobalSection(ExtensibilityGlobals) = postSolution
		SolutionGuid = {F9C02959-DC0F-4E94-B480-4C3D11376214}
	EndGlobalSection
EndGlobal
